<?xml version="1.0" encoding="utf-8"?>
<Project ToolsVersion="4.0" xmlns="http://schemas.microsoft.com/developer/msbuild/2003">
  <ItemGroup>
    <Filter Include="Source Files">
      <UniqueIdentifier>{42acbf2b-b25b-48f2-abcd-a9179cea8512}</UniqueIdentifier>
      <Extensions>cpp;c;cxx;rc;def;r;odl;idl;hpj;bat</Extensions>
    </Filter>
    <Filter Include="Header Files">
      <UniqueIdentifier>{9ae05f96-e919-4d4d-8361-5fc56aa5518f}</UniqueIdentifier>
      <Extensions>h;hpp;hxx;hm;inl</Extensions>
    </Filter>
    <Filter Include="Resource Files">
      <UniqueIdentifier>{a4968585-a504-4d86-9707-d33c3143360c}</UniqueIdentifier>
      <Extensions>ico;cur;bmp;dlg;rc2;rct;bin;rgs;gif;jpg;jpeg;jpe</Extensions>
    </Filter>
    <Filter Include="Public">
      <UniqueIdentifier>{89ffc021-72ac-48bd-b5ae-6442b810d1cf}</UniqueIdentifier>
    </Filter>
    <Filter Include="Lib">
      <UniqueIdentifier>{a90e67c0-52d0-42f4-92a1-fde14649fbac}</UniqueIdentifier>
    </Filter>
    <Filter Include="Lib\Debug">
      <UniqueIdentifier>{e3343c0c-5e82-48b2-8aaa-3500f0fc9dfe}</UniqueIdentifier>
    </Filter>
    <Filter Include="Lib\Release">
      <UniqueIdentifier>{21963c4c-f861-4236-aca0-3121ba664037}</UniqueIdentifier>
    </Filter>
  </ItemGroup>
  <ItemGroup>
    <ClCompile Include="src\MsgWnd.cpp">
      <Filter>Source Files</Filter>
    </ClCompile>
    <ClCompile Include="StdAfx.cpp">
      <Filter>Source Files</Filter>
    </ClCompile>
    <ClCompile Include="UpdateDLL.cpp">
      <Filter>Source Files</Filter>
    </ClCompile>
    <ClCompile Include="src\UpdateDLLImplement.cpp">
      <Filter>Source Files</Filter>
    </ClCompile>
    <ClCompile Include="src\UpdateExport.cpp">
      <Filter>Source Files</Filter>
    </ClCompile>
    <ClCompile Include="src\bufsocket.cpp">
      <Filter>Public</Filter>
    </ClCompile>
    <ClCompile Include="src\BusyThread.cpp">
      <Filter>Public</Filter>
    </ClCompile>
    <ClCompile Include="src\CRC32.C">
      <Filter>Public</Filter>
    </ClCompile>
    <ClCompile Include="src\DgmSocket.cpp">
      <Filter>Public</Filter>
    </ClCompile>
    <ClCompile Include="src\downloadfile.cpp">
      <Filter>Public</Filter>
    </ClCompile>
    <ClCompile Include="src\downnotify.cpp">
      <Filter>Public</Filter>
    </ClCompile>
    <ClCompile Include="src\ftpdownload.cpp">
      <Filter>Public</Filter>
    </ClCompile>
    <ClCompile Include="src\getproxysetting.cpp">
      <Filter>Public</Filter>
    </ClCompile>
    <ClCompile Include="GetVersion.cpp">
      <Filter>Public</Filter>
    </ClCompile>
    <ClCompile Include="src\Global.cpp">
      <Filter>Public</Filter>
    </ClCompile>
    <ClCompile Include="src\httpdownload.cpp">
      <Filter>Public</Filter>
    </ClCompile>
    <ClCompile Include="src\InetStruct.cpp">
      <Filter>Public</Filter>
    </ClCompile>
    <ClCompile Include="src\IpSocket.cpp">
      <Filter>Public</Filter>
    </ClCompile>
    <ClCompile Include="src\KCloseProgramMgr.cpp">
      <Filter>Public</Filter>
    </ClCompile>
    <ClCompile Include="src\LoadHostList.cpp">
      <Filter>Public</Filter>
    </ClCompile>
    <ClCompile Include="src\PingSocket.cpp">
      <Filter>Public</Filter>
    </ClCompile>
    <ClCompile Include="src\ProcessIndex.cpp">
      <Filter>Public</Filter>
    </ClCompile>
    <ClCompile Include="src\proxyutility.cpp">
      <Filter>Public</Filter>
    </ClCompile>
    <ClCompile Include="src\PublicFun.cpp">
      <Filter>Public</Filter>
    </ClCompile>
    <ClCompile Include="src\RawSocket.cpp">
      <Filter>Public</Filter>
    </ClCompile>
    <ClCompile Include="src\SaveLog.cpp">
      <Filter>Public</Filter>
    </ClCompile>
    <ClCompile Include="src\sockspacket.cpp">
      <Filter>Public</Filter>
    </ClCompile>
    <ClCompile Include="src\stmsocket.cpp">
      <Filter>Public</Filter>
    </ClCompile>
    <ClCompile Include="src\tcpsocket.cpp">
      <Filter>Public</Filter>
    </ClCompile>
    <ClCompile Include="src\UdpSocket.cpp">
      <Filter>Public</Filter>
    </ClCompile>
    <ClCompile Include="src\UpdateData.cpp">
      <Filter>Public</Filter>
    </ClCompile>
    <ClCompile Include="src\UpdatePublic.cpp">
      <Filter>Public</Filter>
    </ClCompile>
    <ClCompile Include="src\usercheck.cpp">
      <Filter>Public</Filter>
    </ClCompile>
    <ClCompile Include="src\wndnotify.cpp">
      <Filter>Public</Filter>
    </ClCompile>
  </ItemGroup>
  <ItemGroup>
    <ResourceCompile Include="UpdateDLL.rc">
      <Filter>Source Files</Filter>
    </ResourceCompile>
  </ItemGroup>
  <ItemGroup>
    <ClInclude Include="src\MsgWnd.h">
      <Filter>Header Files</Filter>
    </ClInclude>
    <ClInclude Include="Resource.h">
      <Filter>Header Files</Filter>
    </ClInclude>
    <ClInclude Include="src\SourceDef.h">
      <Filter>Header Files</Filter>
    </ClInclude>
    <ClInclude Include="..\..\Publish\stdafx.h">
      <Filter>Header Files</Filter>
    </ClInclude>
    <ClInclude Include="UpdateDLL.h">
      <Filter>Header Files</Filter>
    </ClInclude>
    <ClInclude Include="src\UpdateExport.h">
      <Filter>Header Files</Filter>
    </ClInclude>
    <ClInclude Include="src\bufsocket.h">
      <Filter>Public</Filter>
    </ClInclude>
    <ClInclude Include="src\BusyThread.h">
      <Filter>Public</Filter>
    </ClInclude>
    <ClInclude Include="src\CRC32.h">
      <Filter>Public</Filter>
    </ClInclude>
    <ClInclude Include="src\DataDefine.h">
      <Filter>Public</Filter>
    </ClInclude>
    <ClInclude Include="src\DgmSocket.h">
      <Filter>Public</Filter>
    </ClInclude>
    <ClInclude Include="src\downloadfile.h">
      <Filter>Public</Filter>
    </ClInclude>
    <ClInclude Include="src\downnotify.h">
      <Filter>Public</Filter>
    </ClInclude>
    <ClInclude Include="src\ftpdownload.h">
      <Filter>Public</Filter>
    </ClInclude>
    <ClInclude Include="src\getproxysetting.h">
      <Filter>Public</Filter>
    </ClInclude>
    <ClInclude Include="GetVersion.h">
      <Filter>Public</Filter>
    </ClInclude>
    <ClInclude Include="src\Global.h">
      <Filter>Public</Filter>
    </ClInclude>
    <ClInclude Include="src\httpdownload.h">
      <Filter>Public</Filter>
    </ClInclude>
    <ClInclude Include="src\InetStruct.h">
      <Filter>Public</Filter>
    </ClInclude>
    <ClInclude Include="src\IpSocket.h">
      <Filter>Public</Filter>
    </ClInclude>
    <ClInclude Include="src\KCloseProgramMgr.h">
      <Filter>Public</Filter>
    </ClInclude>
    <ClInclude Include="src\LoadHostList.h">
      <Filter>Public</Filter>
    </ClInclude>
    <ClInclude Include="src\PingSocket.h">
      <Filter>Public</Filter>
    </ClInclude>
    <ClInclude Include="src\ProcessIndex.h">
      <Filter>Public</Filter>
    </ClInclude>
    <ClInclude Include="src\proxyutility.h">
      <Filter>Public</Filter>
    </ClInclude>
    <ClInclude Include="src\PublicFun.h">
      <Filter>Public</Filter>
    </ClInclude>
    <ClInclude Include="src\RawSocket.h">
      <Filter>Public</Filter>
    </ClInclude>
    <ClInclude Include="src\SaveLog.h">
      <Filter>Public</Filter>
    </ClInclude>
    <ClInclude Include="src\sockspacket.h">
      <Filter>Public</Filter>
    </ClInclude>
    <ClInclude Include="src\stmsocket.h">
      <Filter>Public</Filter>
    </ClInclude>
    <ClInclude Include="src\tcpsocket.h">
      <Filter>Public</Filter>
    </ClInclude>
    <ClInclude Include="src\UdpSocket.h">
      <Filter>Public</Filter>
    </ClInclude>
    <ClInclude Include="src\UpdateData.h">
      <Filter>Public</Filter>
    </ClInclude>
    <ClInclude Include="src\UpdatePublic.h">
      <Filter>Public</Filter>
    </ClInclude>
    <ClInclude Include="src\UpdateSelf.h">
      <Filter>Public</Filter>
    </ClInclude>
    <ClInclude Include="src\usercheck.h">
      <Filter>Public</Filter>
    </ClInclude>
    <ClInclude Include="src\wndnotify.h">
      <Filter>Public</Filter>
    </ClInclude>
  </ItemGroup>
  <ItemGroup>
    <Library Include="..\..\Lib\debug\ExpandPackageStaticLib.lib">
      <Filter>Lib\Debug</Filter>
    </Library>
    <Library Include="..\..\Lib\Release\ExpandPackageStaticLib.lib">
      <Filter>Lib\Release</Filter>
    </Library>
  </ItemGroup>
  <ItemGroup>
    <CustomBuild Include="UpdateDLL.def">
      <Filter>Source Files</Filter>
    </CustomBuild>
    <CustomBuild Include="res\UpdateDLL.rc2">
      <Filter>Resource Files</Filter>
    </CustomBuild>
    <CustomBuild Include="ReadMe.txt" />
  </ItemGroup>
</Project>