
Microsoft Visual Studio Solution File, Format Version 12.00
# Visual Studio 15
VisualStudioVersion = 15.0.28307.572
MinimumVisualStudioVersion = 10.0.40219.1
Project("{FAE04EC0-301F-11D3-BF4B-00C04F79EFBC}") = "PermissionFolder", "PermissionFolder\PermissionFolder.csproj", "{8AA571E4-6B45-48C8-91C8-4B979E8C619C}"
EndProject
Global
	GlobalSection(SolutionConfigurationPlatforms) = preSolution
		Debug|Any CPU = Debug|Any CPU
		Release|Any CPU = Release|Any CPU
	EndGlobalSection
	GlobalSection(ProjectConfigurationPlatforms) = postSolution
		{8AA571E4-6B45-48C8-91C8-4B979E8C619C}.Debug|Any CPU.ActiveCfg = Debug|Any CPU
		{8AA571E4-6B45-48C8-91C8-4B979E8C619C}.Debug|Any CPU.Build.0 = Debug|Any CPU
		{8AA571E4-6B45-48C8-91C8-4B979E8C619C}.Release|Any CPU.ActiveCfg = Release|Any CPU
		{8AA571E4-6B45-48C8-91C8-4B979E8C619C}.Release|Any CPU.Build.0 = Release|Any CPU
	EndGlobalSection
	GlobalSection(SolutionProperties) = preSolution
		HideSolutionNode = FALSE
	EndGlobalSection
	GlobalSection(ExtensibilityGlobals) = postSolution
		SolutionGuid = {11D19467-BFB7-4D4F-84C5-C4F5E5B63288}
	EndGlobalSection
EndGlobal
